dependencies:
- name: postgresql
  repository: oci://registry-1.docker.io/bitnamicharts
  version: 16.7.27
- name: redis
  repository: oci://registry-1.docker.io/bitnamicharts
  version: 21.2.13
digest: sha256:9844c34ce1e5015287e7ad7c55858e7c6315d39e551c7165501b57a12417494a
generated: "2026-09-21T23:35:17.482648+05:30"
